{
  "name": "rescript-stdlib",
  "version": "0.0.0",
  "lockfileVersion": 3,
  "requires": true,
  "packages": {
    "": {
      "name": "rescript-stdlib",
      "version": "0.0.0",
      "workspaces": [
        "stdlib-mini",
        "core",
        "belt",
        "runtime",
        "js"
      ],
      "dependencies": {
        "rescript": "^12.0.0-alpha.1"
      },
      "devDependencies": {
        "@rolandpeelen/rewatch": "^1.0.8"
      }
    },
    "belt": {
      "version": "0.0.0"
    },
    "core": {
      "version": "1.5.0"
    },
    "js": {
      "version": "0.0.0"
    },
    "node_modules/@rolandpeelen/rewatch": {
      "version": "1.0.8",
      "resolved": "https://registry.npmjs.org/@rolandpeelen/rewatch/-/rewatch-1.0.8.tgz",
      "integrity": "sha512-EXYAgNkPU3WWP795tS05OSNwUmSOOB32fh+r5W3iNDaX0Ki9LXgtN3CWexZ66bbVuUE8nveiMuFsxT1hpWTIgg==",
      "dev": true,
      "hasInstallScript": true,
      "bin": {
        "rewatch": "rewatch"
      }
    },
    "node_modules/belt": {
      "resolved": "belt",
      "link": true
    },
    "node_modules/core": {
      "resolved": "core",
      "link": true
    },
    "node_modules/js": {
      "resolved": "js",
      "link": true
    },
    "node_modules/rescript": {
      "version": "12.0.0-alpha.1",
      "resolved": "https://registry.npmjs.org/rescript/-/rescript-12.0.0-alpha.1.tgz",
      "integrity": "sha512-dYUjUsRxl2m2kMt8wyYRpNDp6ahuL64mE2TFMZwv+wOdn0C6rh+FxMDSg+c8CQaCJnfErDIjCwwb0r/6Ag1Dxg==",
      "hasInstallScript": true,
      "bin": {
        "bsc": "bsc",
        "bstracing": "lib/bstracing",
        "rescript": "rescript",
        "rewatch": "scripts/rewatch"
      },
      "engines": {
        "node": ">=18"
      }
    },
    "node_modules/runtime": {
      "resolved": "runtime",
      "link": true
    },
    "node_modules/stdlib-mini": {
      "resolved": "stdlib-mini",
      "link": true
    },
    "runtime": {
      "version": "0.0.0"
    },
    "stdlib-mini": {
      "version": "0.0.0"
    }
  }
}
